
Microsoft Visual Studio Solution File, Format Version 12.00
# Visual Studio 15
VisualStudioVersion = 15.0.27703.2047
MinimumVisualStudioVersion = 10.0.40219.1
Project("{8BC9CEB8-8B4A-11D0-8D11-00A0C91BC942}") = "Date Class with Operator Overloading", "Date Class with Operator Overloading\Date Class with Operator Overloading.vcxproj", "{96D754F0-994F-425D-9E0D-B53EFD6E2069}"
EndProject
Global
	GlobalSection(SolutionConfigurationPlatforms) = preSolution
		Debug|x64 = Debug|x64
		Debug|x86 = Debug|x86
		Release|x64 = Release|x64
		Release|x86 = Release|x86
	EndGlobalSection
	GlobalSection(ProjectConfigurationPlatforms) = postSolution
		{96D754F0-994F-425D-9E0D-B53EFD6E2069}.Debug|x64.ActiveCfg = Debug|x64
		{96D754F0-994F-425D-9E0D-B53EFD6E2069}.Debug|x64.Build.0 = Debug|x64
		{96D754F0-994F-425D-9E0D-B53EFD6E2069}.Debug|x86.ActiveCfg = Debug|Win32
		{96D754F0-994F-425D-9E0D-B53EFD6E2069}.Debug|x86.Build.0 = Debug|Win32
		{96D754F0-994F-425D-9E0D-B53EFD6E2069}.Release|x64.ActiveCfg = Release|x64
		{96D754F0-994F-425D-9E0D-B53EFD6E2069}.Release|x64.Build.0 = Release|x64
		{96D754F0-994F-425D-9E0D-B53EFD6E2069}.Release|x86.ActiveCfg = Release|Win32
		{96D754F0-994F-425D-9E0D-B53EFD6E2069}.Release|x86.Build.0 = Release|Win32
	EndGlobalSection
	GlobalSection(SolutionProperties) = preSolution
		HideSolutionNode = FALSE
	EndGlobalSection
	GlobalSection(ExtensibilityGlobals) = postSolution
		SolutionGuid = {5F19E411-2609-445B-9E60-0EE33AE8DECC}
	EndGlobalSection
EndGlobal
